lockfileVersion: '9.0'

settings:
  autoInstallPeers: true
  excludeLinksFromLockfile: false

importers:

  .:
    dependencies:
      ffi-rs:
        specifier: ^1.2.12
        version: 1.2.12
    devDependencies:
      tsx:
        specifier: ^4.20.3
        version: 4.20.3

packages:

  '@esbuild/aix-ppc64@0.25.5':
    resolution: {integrity: sha512-9o3TMmpmftaCMepOdA5k/yDw8SfInyzWWTjYTFCX3kPSDJMROQTb8jg+h9Cnwnmm1vOzvxN7gIfB5V2ewpjtGA==}
    engines: {node: '>=18'}
    cpu: [ppc64]
    os: [aix]

  '@esbuild/android-arm64@0.25.5':
    resolution: {integrity: sha512-VGzGhj4lJO+TVGV1v8ntCZWJktV7SGCs3Pn1GRWI1SBFtRALoomm8k5E9Pmwg3HOAal2VDc2F9+PM/rEY6oIDg==}
    engines: {node: '>=18'}
    cpu: [arm64]
    os: [android]

  '@esbuild/android-arm@0.25.5':
    resolution: {integrity: sha512-AdJKSPeEHgi7/ZhuIPtcQKr5RQdo6OO2IL87JkianiMYMPbCtot9fxPbrMiBADOWWm3T2si9stAiVsGbTQFkbA==}
    engines: {node: '>=18'}
    cpu: [arm]
    os: [android]

  '@esbuild/android-x64@0.25.5':
    resolution: {integrity: sha512-D2GyJT1kjvO//drbRT3Hib9XPwQeWd9vZoBJn+bu/lVsOZ13cqNdDeqIF/xQ5/VmWvMduP6AmXvylO/PIc2isw==}
    engines: {node: '>=18'}
    cpu: [x64]
    os: [android]

  '@esbuild/darwin-arm64@0.25.5':
    resolution: {integrity: sha512-GtaBgammVvdF7aPIgH2jxMDdivezgFu6iKpmT+48+F8Hhg5J/sfnDieg0aeG/jfSvkYQU2/pceFPDKlqZzwnfQ==}
    engines: {node: '>=18'}
    cpu: [arm64]
    os: [darwin]

  '@esbuild/darwin-x64@0.25.5':
    resolution: {integrity: sha512-1iT4FVL0dJ76/q1wd7XDsXrSW+oLoquptvh4CLR4kITDtqi2e/xwXwdCVH8hVHU43wgJdsq7Gxuzcs6Iq/7bxQ==}
    engines: {node: '>=18'}
    cpu: [x64]
    os: [darwin]

  '@esbuild/freebsd-arm64@0.25.5':
    resolution: {integrity: sha512-nk4tGP3JThz4La38Uy/gzyXtpkPW8zSAmoUhK9xKKXdBCzKODMc2adkB2+8om9BDYugz+uGV7sLmpTYzvmz6Sw==}
    engines: {node: '>=18'}
    cpu: [arm64]
    os: [freebsd]

  '@esbuild/freebsd-x64@0.25.5':
    resolution: {integrity: sha512-PrikaNjiXdR2laW6OIjlbeuCPrPaAl0IwPIaRv+SMV8CiM8i2LqVUHFC1+8eORgWyY7yhQY+2U2fA55mBzReaw==}
    engines: {node: '>=18'}
    cpu: [x64]
    os: [freebsd]

  '@esbuild/linux-arm64@0.25.5':
    resolution: {integrity: sha512-Z9kfb1v6ZlGbWj8EJk9T6czVEjjq2ntSYLY2cw6pAZl4oKtfgQuS4HOq41M/BcoLPzrUbNd+R4BXFyH//nHxVg==}
    engines: {node: '>=18'}
    cpu: [arm64]
    os: [linux]

  '@esbuild/linux-arm@0.25.5':
    resolution: {integrity: sha512-cPzojwW2okgh7ZlRpcBEtsX7WBuqbLrNXqLU89GxWbNt6uIg78ET82qifUy3W6OVww6ZWobWub5oqZOVtwolfw==}
    engines: {node: '>=18'}
    cpu: [arm]
    os: [linux]

  '@esbuild/linux-ia32@0.25.5':
    resolution: {integrity: sha512-sQ7l00M8bSv36GLV95BVAdhJ2QsIbCuCjh/uYrWiMQSUuV+LpXwIqhgJDcvMTj+VsQmqAHL2yYaasENvJ7CDKA==}
    engines: {node: '>=18'}
    cpu: [ia32]
    os: [linux]

  '@esbuild/linux-loong64@0.25.5':
    resolution: {integrity: sha512-0ur7ae16hDUC4OL5iEnDb0tZHDxYmuQyhKhsPBV8f99f6Z9KQM02g33f93rNH5A30agMS46u2HP6qTdEt6Q1kg==}
    engines: {node: '>=18'}
    cpu: [loong64]
    os: [linux]

  '@esbuild/linux-mips64el@0.25.5':
    resolution: {integrity: sha512-kB/66P1OsHO5zLz0i6X0RxlQ+3cu0mkxS3TKFvkb5lin6uwZ/ttOkP3Z8lfR9mJOBk14ZwZ9182SIIWFGNmqmg==}
    engines: {node: '>=18'}
    cpu: [mips64el]
    os: [linux]

  '@esbuild/linux-ppc64@0.25.5':
    resolution: {integrity: sha512-UZCmJ7r9X2fe2D6jBmkLBMQetXPXIsZjQJCjgwpVDz+YMcS6oFR27alkgGv3Oqkv07bxdvw7fyB71/olceJhkQ==}
    engines: {node: '>=18'}
    cpu: [ppc64]
    os: [linux]

  '@esbuild/linux-riscv64@0.25.5':
    resolution: {integrity: sha512-kTxwu4mLyeOlsVIFPfQo+fQJAV9mh24xL+y+Bm6ej067sYANjyEw1dNHmvoqxJUCMnkBdKpvOn0Ahql6+4VyeA==}
    engines: {node: '>=18'}
    cpu: [riscv64]
    os: [linux]

  '@esbuild/linux-s390x@0.25.5':
    resolution: {integrity: sha512-K2dSKTKfmdh78uJ3NcWFiqyRrimfdinS5ErLSn3vluHNeHVnBAFWC8a4X5N+7FgVE1EjXS1QDZbpqZBjfrqMTQ==}
    engines: {node: '>=18'}
    cpu: [s390x]
    os: [linux]

  '@esbuild/linux-x64@0.25.5':
    resolution: {integrity: sha512-uhj8N2obKTE6pSZ+aMUbqq+1nXxNjZIIjCjGLfsWvVpy7gKCOL6rsY1MhRh9zLtUtAI7vpgLMK6DxjO8Qm9lJw==}
    engines: {node: '>=18'}
    cpu: [x64]
    os: [linux]

  '@esbuild/netbsd-arm64@0.25.5':
    resolution: {integrity: sha512-pwHtMP9viAy1oHPvgxtOv+OkduK5ugofNTVDilIzBLpoWAM16r7b/mxBvfpuQDpRQFMfuVr5aLcn4yveGvBZvw==}
    engines: {node: '>=18'}
    cpu: [arm64]
    os: [netbsd]

  '@esbuild/netbsd-x64@0.25.5':
    resolution: {integrity: sha512-WOb5fKrvVTRMfWFNCroYWWklbnXH0Q5rZppjq0vQIdlsQKuw6mdSihwSo4RV/YdQ5UCKKvBy7/0ZZYLBZKIbwQ==}
    engines: {node: '>=18'}
    cpu: [x64]
    os: [netbsd]

  '@esbuild/openbsd-arm64@0.25.5':
    resolution: {integrity: sha512-7A208+uQKgTxHd0G0uqZO8UjK2R0DDb4fDmERtARjSHWxqMTye4Erz4zZafx7Di9Cv+lNHYuncAkiGFySoD+Mw==}
    engines: {node: '>=18'}
    cpu: [arm64]
    os: [openbsd]

  '@esbuild/openbsd-x64@0.25.5':
    resolution: {integrity: sha512-G4hE405ErTWraiZ8UiSoesH8DaCsMm0Cay4fsFWOOUcz8b8rC6uCvnagr+gnioEjWn0wC+o1/TAHt+It+MpIMg==}
    engines: {node: '>=18'}
    cpu: [x64]
    os: [openbsd]

  '@esbuild/sunos-x64@0.25.5':
    resolution: {integrity: sha512-l+azKShMy7FxzY0Rj4RCt5VD/q8mG/e+mDivgspo+yL8zW7qEwctQ6YqKX34DTEleFAvCIUviCFX1SDZRSyMQA==}
    engines: {node: '>=18'}
    cpu: [x64]
    os: [sunos]

  '@esbuild/win32-arm64@0.25.5':
    resolution: {integrity: sha512-O2S7SNZzdcFG7eFKgvwUEZ2VG9D/sn/eIiz8XRZ1Q/DO5a3s76Xv0mdBzVM5j5R639lXQmPmSo0iRpHqUUrsxw==}
    engines: {node: '>=18'}
    cpu: [arm64]
    os: [win32]

  '@esbuild/win32-ia32@0.25.5':
    resolution: {integrity: sha512-onOJ02pqs9h1iMJ1PQphR+VZv8qBMQ77Klcsqv9CNW2w6yLqoURLcgERAIurY6QE63bbLuqgP9ATqajFLK5AMQ==}
    engines: {node: '>=18'}
    cpu: [ia32]
    os: [win32]

  '@esbuild/win32-x64@0.25.5':
    resolution: {integrity: sha512-TXv6YnJ8ZMVdX+SXWVBo/0p8LTcrUYngpWjvm91TMjjBQii7Oz11Lw5lbDV5Y0TzuhSJHwiH4hEtC1I42mMS0g==}
    engines: {node: '>=18'}
    cpu: [x64]
    os: [win32]

  '@yuuang/ffi-rs-android-arm64@1.2.12':
    resolution: {integrity: sha512-i2AFJ7WXethhzEW51bQ4Pp1z1+F/jJG086MCpBeMYn/0GFlV2nnTDUSOiIrWKdX/lAFkJ3MfuxQkkyJOzOnaSA==}
    engines: {node: '>= 12'}
    cpu: [arm64]
    os: [android]

  '@yuuang/ffi-rs-darwin-arm64@1.2.12':
    resolution: {integrity: sha512-ds6HRmZ+ehn6MK2ab6dovcQOStXnQTLJAgmYDFp1wrPBJUihH935moXMZEsFuiHga2OPMa2ozWimsddQvfmuZQ==}
    engines: {node: '>= 12'}
    cpu: [arm64]
    os: [darwin]

  '@yuuang/ffi-rs-darwin-x64@1.2.12':
    resolution: {integrity: sha512-ahslNvC8cO9gbvaFJ4KRg8uqI2yZT2A+tzzeNb6IxNOg1afccTLg2Z8CBq53hvAo6VT6YXAcKYj90y5216W4yA==}
    engines: {node: '>= 12'}
    cpu: [x64]
    os: [darwin]

  '@yuuang/ffi-rs-linux-arm-gnueabihf@1.2.12':
    resolution: {integrity: sha512-Q9u9YKr2Ev1wLFNC3Pao+c1kDzwBn+FrEHQJdgmiByml/kbKkUhKcre/tOx3cix6VFIRk0TyKIdYZ72vKzU9Ng==}
    engines: {node: '>= 12'}
    cpu: [arm]
    os: [linux]

  '@yuuang/ffi-rs-linux-arm64-gnu@1.2.12':
    resolution: {integrity: sha512-hqCi3fAcoJHkW6kWyrOHrZJnnLMmXgmOW8Q53h27Xu+3y3eVybJHz79koSkPrf+Oj7LWKbS0s+M12KAyN5cyBQ==}
    engines: {node: '>= 12'}
    cpu: [arm64]
    os: [linux]
    libc: [glibc]

  '@yuuang/ffi-rs-linux-arm64-musl@1.2.12':
    resolution: {integrity: sha512-fLFcmu4xATqHn/mcXsqWbVi7fetVam9ZrITVCe1SAWhfiK2vgC8psuSC2YFuMgbXp2uyhErUQsKo5NLXg0zXXg==}
    engines: {node: '>= 12'}
    cpu: [arm64]
    os: [linux]
    libc: [musl]

  '@yuuang/ffi-rs-linux-x64-gnu@1.2.12':
    resolution: {integrity: sha512-G1oRLgUvIzTS6F03m/IRxIA3+jLwzSAMsoGEzvXRmRJD7lNG3/tIfLG+dTeCisnpGpuVho8En2LOlYbDfss9jA==}
    engines: {node: '>= 12'}
    cpu: [x64]
    os: [linux]
    libc: [glibc]

  '@yuuang/ffi-rs-linux-x64-musl@1.2.12':
    resolution: {integrity: sha512-o/zfVLp8k0rS2NEcRZ9yy3MZjYEv15YJjKe3igE2P8eZiHZ5Wdo6MkM1sdI1jlG9QbZ1y7yyY3UvCvyUs+tWvQ==}
    engines: {node: '>= 12'}
    cpu: [x64]
    os: [linux]
    libc: [glibc]

  '@yuuang/ffi-rs-win32-arm64-msvc@1.2.12':
    resolution: {integrity: sha512-FuMP+7z/cnqSt6YAyceDnNW0cVUYyRvDxOuEoy7LAE8os/VFxHAqxNwpdUwKtCycrFVHwGu7eN+LKClk+gVeTQ==}
    engines: {node: '>= 12'}
    cpu: [arm64]
    os: [win32]

  '@yuuang/ffi-rs-win32-ia32-msvc@1.2.12':
    resolution: {integrity: sha512-XRNb/oLfkC0N5R5iEnwGtYZado6a1bBITDJRSMl23TFX/H2sT0q+7YVSioRL9METMxVPIsFR2q1YkK3052PuBg==}
    engines: {node: '>= 12'}
    cpu: [x64, ia32]
    os: [win32]

  '@yuuang/ffi-rs-win32-x64-msvc@1.2.12':
    resolution: {integrity: sha512-xRl780DUj4skKILL203o/A2AFi2W7sOs2UtDl0cur/sFGfaibVx8pN+Qx6PwBea7Y6/KMBkP1aCxgbmMYwCrzg==}
    engines: {node: '>= 12'}
    cpu: [x64]
    os: [win32]

  esbuild@0.25.5:
    resolution: {integrity: sha512-P8OtKZRv/5J5hhz0cUAdu/cLuPIKXpQl1R9pZtvmHWQvrAUVd0UNIPT4IB4W3rNOqVO0rlqHmCIbSwxh/c9yUQ==}
    engines: {node: '>=18'}
    hasBin: true

  ffi-rs@1.2.12:
    resolution: {integrity: sha512-WaaLl1/hD3mTHU8NBQvRULbzitZ0XgodEEz0djw1LlHZPiQJMkgbom2tLFRM+Vhtkj8SttwJm8ZDBOh1cx4koA==}

  fsevents@2.3.3:
    resolution: {integrity: sha512-5xoDfX+fL7faATnagmWPpbFtwh/R77WmMMqqHGS65C3vvB0YHrgF+B1YmZ3441tMj5n63k0212XNoJwzlhffQw==}
    engines: {node: ^8.16.0 || ^10.6.0 || >=11.0.0}
    os: [darwin]

  get-tsconfig@4.10.1:
    resolution: {integrity: sha512-auHyJ4AgMz7vgS8Hp3N6HXSmlMdUyhSUrfBF16w153rxtLIEOE+HGqaBppczZvnHLqQJfiHotCYpNhl0lUROFQ==}

  resolve-pkg-maps@1.0.0:
    resolution: {integrity: sha512-seS2Tj26TBVOC2NIc2rOe2y2ZO7efxITtLZcGSOnHHNOQ7CkiUBfw0Iw2ck6xkIhPwLhKNLS8BO+hEpngQlqzw==}

  tsx@4.20.3:
    resolution: {integrity: sha512-qjbnuR9Tr+FJOMBqJCW5ehvIo/buZq7vH7qD7JziU98h6l3qGy0a/yPFjwO+y0/T7GFpNgNAvEcPPVfyT8rrPQ==}
    engines: {node: '>=18.0.0'}
    hasBin: true

snapshots:

  '@esbuild/aix-ppc64@0.25.5':
    optional: true

  '@esbuild/android-arm64@0.25.5':
    optional: true

  '@esbuild/android-arm@0.25.5':
    optional: true

  '@esbuild/android-x64@0.25.5':
    optional: true

  '@esbuild/darwin-arm64@0.25.5':
    optional: true

  '@esbuild/darwin-x64@0.25.5':
    optional: true

  '@esbuild/freebsd-arm64@0.25.5':
    optional: true

  '@esbuild/freebsd-x64@0.25.5':
    optional: true

  '@esbuild/linux-arm64@0.25.5':
    optional: true

  '@esbuild/linux-arm@0.25.5':
    optional: true

  '@esbuild/linux-ia32@0.25.5':
    optional: true

  '@esbuild/linux-loong64@0.25.5':
    optional: true

  '@esbuild/linux-mips64el@0.25.5':
    optional: true

  '@esbuild/linux-ppc64@0.25.5':
    optional: true

  '@esbuild/linux-riscv64@0.25.5':
    optional: true

  '@esbuild/linux-s390x@0.25.5':
    optional: true

  '@esbuild/linux-x64@0.25.5':
    optional: true

  '@esbuild/netbsd-arm64@0.25.5':
    optional: true

  '@esbuild/netbsd-x64@0.25.5':
    optional: true

  '@esbuild/openbsd-arm64@0.25.5':
    optional: true

  '@esbuild/openbsd-x64@0.25.5':
    optional: true

  '@esbuild/sunos-x64@0.25.5':
    optional: true

  '@esbuild/win32-arm64@0.25.5':
    optional: true

  '@esbuild/win32-ia32@0.25.5':
    optional: true

  '@esbuild/win32-x64@0.25.5':
    optional: true

  '@yuuang/ffi-rs-android-arm64@1.2.12':
    optional: true

  '@yuuang/ffi-rs-darwin-arm64@1.2.12':
    optional: true

  '@yuuang/ffi-rs-darwin-x64@1.2.12':
    optional: true

  '@yuuang/ffi-rs-linux-arm-gnueabihf@1.2.12':
    optional: true

  '@yuuang/ffi-rs-linux-arm64-gnu@1.2.12':
    optional: true

  '@yuuang/ffi-rs-linux-arm64-musl@1.2.12':
    optional: true

  '@yuuang/ffi-rs-linux-x64-gnu@1.2.12':
    optional: true

  '@yuuang/ffi-rs-linux-x64-musl@1.2.12':
    optional: true

  '@yuuang/ffi-rs-win32-arm64-msvc@1.2.12':
    optional: true

  '@yuuang/ffi-rs-win32-ia32-msvc@1.2.12':
    optional: true

  '@yuuang/ffi-rs-win32-x64-msvc@1.2.12':
    optional: true

  esbuild@0.25.5:
    optionalDependencies:
      '@esbuild/aix-ppc64': 0.25.5
      '@esbuild/android-arm': 0.25.5
      '@esbuild/android-arm64': 0.25.5
      '@esbuild/android-x64': 0.25.5
      '@esbuild/darwin-arm64': 0.25.5
      '@esbuild/darwin-x64': 0.25.5
      '@esbuild/freebsd-arm64': 0.25.5
      '@esbuild/freebsd-x64': 0.25.5
      '@esbuild/linux-arm': 0.25.5
      '@esbuild/linux-arm64': 0.25.5
      '@esbuild/linux-ia32': 0.25.5
      '@esbuild/linux-loong64': 0.25.5
      '@esbuild/linux-mips64el': 0.25.5
      '@esbuild/linux-ppc64': 0.25.5
      '@esbuild/linux-riscv64': 0.25.5
      '@esbuild/linux-s390x': 0.25.5
      '@esbuild/linux-x64': 0.25.5
      '@esbuild/netbsd-arm64': 0.25.5
      '@esbuild/netbsd-x64': 0.25.5
      '@esbuild/openbsd-arm64': 0.25.5
      '@esbuild/openbsd-x64': 0.25.5
      '@esbuild/sunos-x64': 0.25.5
      '@esbuild/win32-arm64': 0.25.5
      '@esbuild/win32-ia32': 0.25.5
      '@esbuild/win32-x64': 0.25.5

  ffi-rs@1.2.12:
    optionalDependencies:
      '@yuuang/ffi-rs-android-arm64': 1.2.12
      '@yuuang/ffi-rs-darwin-arm64': 1.2.12
      '@yuuang/ffi-rs-darwin-x64': 1.2.12
      '@yuuang/ffi-rs-linux-arm-gnueabihf': 1.2.12
      '@yuuang/ffi-rs-linux-arm64-gnu': 1.2.12
      '@yuuang/ffi-rs-linux-arm64-musl': 1.2.12
      '@yuuang/ffi-rs-linux-x64-gnu': 1.2.12
      '@yuuang/ffi-rs-linux-x64-musl': 1.2.12
      '@yuuang/ffi-rs-win32-arm64-msvc': 1.2.12
      '@yuuang/ffi-rs-win32-ia32-msvc': 1.2.12
      '@yuuang/ffi-rs-win32-x64-msvc': 1.2.12

  fsevents@2.3.3:
    optional: true

  get-tsconfig@4.10.1:
    dependencies:
      resolve-pkg-maps: 1.0.0

  resolve-pkg-maps@1.0.0: {}

  tsx@4.20.3:
    dependencies:
      esbuild: 0.25.5
      get-tsconfig: 4.10.1
    optionalDependencies:
      fsevents: 2.3.3
